
Microsoft Visual Studio Solution File, Format Version 12.00
# Visual Studio Version 17
VisualStudioVersion = 17.0.31903.59
MinimumVisualStudioVersion = 10.0.40219.1
Project("{FAE04EC0-301F-11D3-BF4B-00C04F79EFBC}") = "86BoxManager", "86BoxManager\86BoxManager.csproj", "{559F81B9-D1A5-45FC-AA69-E98F3B3926BB}"
EndProject
Project("{9A19103F-16F7-4668-BE54-9A1E7A4F7556}") = "86BoxManager.API", "86BoxManager.API\86BoxManager.API.csproj", "{CFFBD1C4-08B0-4367-ACAC-9FFEB0E8C498}"
EndProject
Project("{9A19103F-16F7-4668-BE54-9A1E7A4F7556}") = "86BoxManager.Common", "86BoxManager.Common\86BoxManager.Common.csproj", "{88B71811-8D21-4AD2-BB89-6B2E8913CB43}"
EndProject
Project("{9A19103F-16F7-4668-BE54-9A1E7A4F7556}") = "86BoxManager.Gtk", "86BoxManager.Gtk\86BoxManager.Gtk.csproj", "{919E0F43-79BD-4A2A-8952-0792D7B5186C}"
EndProject
Project("{9A19103F-16F7-4668-BE54-9A1E7A4F7556}") = "86BoxManager.Linux", "86BoxManager.Linux\86BoxManager.Linux.csproj", "{2EEC0C04-8C2E-42B1-A7B1-195F1A6C52D4}"
EndProject
Project("{9A19103F-16F7-4668-BE54-9A1E7A4F7556}") = "86BoxManager.Mac", "86BoxManager.Mac\86BoxManager.Mac.csproj", "{9DE359DC-835A-4E13-A3A4-4D668F6DB641}"
EndProject
Project("{9A19103F-16F7-4668-BE54-9A1E7A4F7556}") = "86BoxManager.Unix", "86BoxManager.Unix\86BoxManager.Unix.csproj", "{3C8FE45D-8700-4C63-B737-E922E8AF5A66}"
EndProject
Project("{9A19103F-16F7-4668-BE54-9A1E7A4F7556}") = "86BoxManager.Windows", "86BoxManager.Windows\86BoxManager.Windows.csproj", "{DB4AD9FA-D9D5-497A-B5DB-8BC75898F4EE}"
EndProject
Project("{2150E333-8FDC-42A3-9474-1A3956D46DE8}") = "UI", "UI", "{FB9C017E-A47B-457A-B860-A22E607F7BDA}"
EndProject
Project("{2150E333-8FDC-42A3-9474-1A3956D46DE8}") = "Base", "Base", "{11633D7A-1FCE-4BA3-A616-EBD2A5742B1D}"
EndProject
Project("{2150E333-8FDC-42A3-9474-1A3956D46DE8}") = "Cross", "Cross", "{FE40DF74-77EB-454F-9CFC-1474A694C634}"
EndProject
Project("{9A19103F-16F7-4668-BE54-9A1E7A4F7556}") = "86BoxManager.Core", "86BoxManager.Core\86BoxManager.Core.csproj", "{64F8FA04-E8AF-4787-9C70-68EF6A289D5A}"
EndProject
Global
	GlobalSection(SolutionConfigurationPlatforms) = preSolution
		Debug|Any CPU = Debug|Any CPU
		Debug|x86 = Debug|x86
		Release|Any CPU = Release|Any CPU
		Release|x86 = Release|x86
	EndGlobalSection
	GlobalSection(ProjectConfigurationPlatforms) = postSolution
		{559F81B9-D1A5-45FC-AA69-E98F3B3926BB}.Debug|Any CPU.ActiveCfg = Debug|Any CPU
		{559F81B9-D1A5-45FC-AA69-E98F3B3926BB}.Debug|Any CPU.Build.0 = Debug|Any CPU
		{559F81B9-D1A5-45FC-AA69-E98F3B3926BB}.Debug|x86.ActiveCfg = Debug|x86
		{559F81B9-D1A5-45FC-AA69-E98F3B3926BB}.Debug|x86.Build.0 = Debug|x86
		{559F81B9-D1A5-45FC-AA69-E98F3B3926BB}.Release|Any CPU.ActiveCfg = Release|Any CPU
		{559F81B9-D1A5-45FC-AA69-E98F3B3926BB}.Release|Any CPU.Build.0 = Release|Any CPU
		{559F81B9-D1A5-45FC-AA69-E98F3B3926BB}.Release|x86.ActiveCfg = Release|x86
		{559F81B9-D1A5-45FC-AA69-E98F3B3926BB}.Release|x86.Build.0 = Release|x86
		{CFFBD1C4-08B0-4367-ACAC-9FFEB0E8C498}.Debug|Any CPU.ActiveCfg = Debug|Any CPU
		{CFFBD1C4-08B0-4367-ACAC-9FFEB0E8C498}.Debug|Any CPU.Build.0 = Debug|Any CPU
		{CFFBD1C4-08B0-4367-ACAC-9FFEB0E8C498}.Debug|x86.ActiveCfg = Debug|Any CPU
		{CFFBD1C4-08B0-4367-ACAC-9FFEB0E8C498}.Debug|x86.Build.0 = Debug|Any CPU
		{CFFBD1C4-08B0-4367-ACAC-9FFEB0E8C498}.Release|Any CPU.ActiveCfg = Release|Any CPU
		{CFFBD1C4-08B0-4367-ACAC-9FFEB0E8C498}.Release|Any CPU.Build.0 = Release|Any CPU
		{CFFBD1C4-08B0-4367-ACAC-9FFEB0E8C498}.Release|x86.ActiveCfg = Release|Any CPU
		{CFFBD1C4-08B0-4367-ACAC-9FFEB0E8C498}.Release|x86.Build.0 = Release|Any CPU
		{88B71811-8D21-4AD2-BB89-6B2E8913CB43}.Debug|Any CPU.ActiveCfg = Debug|Any CPU
		{88B71811-8D21-4AD2-BB89-6B2E8913CB43}.Debug|Any CPU.Build.0 = Debug|Any CPU
		{88B71811-8D21-4AD2-BB89-6B2E8913CB43}.Debug|x86.ActiveCfg = Debug|Any CPU
		{88B71811-8D21-4AD2-BB89-6B2E8913CB43}.Debug|x86.Build.0 = Debug|Any CPU
		{88B71811-8D21-4AD2-BB89-6B2E8913CB43}.Release|Any CPU.ActiveCfg = Release|Any CPU
		{88B71811-8D21-4AD2-BB89-6B2E8913CB43}.Release|Any CPU.Build.0 = Release|Any CPU
		{88B71811-8D21-4AD2-BB89-6B2E8913CB43}.Release|x86.ActiveCfg = Release|Any CPU
		{88B71811-8D21-4AD2-BB89-6B2E8913CB43}.Release|x86.Build.0 = Release|Any CPU
		{919E0F43-79BD-4A2A-8952-0792D7B5186C}.Debug|Any CPU.ActiveCfg = Debug|Any CPU
		{919E0F43-79BD-4A2A-8952-0792D7B5186C}.Debug|Any CPU.Build.0 = Debug|Any CPU
		{919E0F43-79BD-4A2A-8952-0792D7B5186C}.Debug|x86.ActiveCfg = Debug|Any CPU
		{919E0F43-79BD-4A2A-8952-0792D7B5186C}.Debug|x86.Build.0 = Debug|Any CPU
		{919E0F43-79BD-4A2A-8952-0792D7B5186C}.Release|Any CPU.ActiveCfg = Release|Any CPU
		{919E0F43-79BD-4A2A-8952-0792D7B5186C}.Release|Any CPU.Build.0 = Release|Any CPU
		{919E0F43-79BD-4A2A-8952-0792D7B5186C}.Release|x86.ActiveCfg = Release|Any CPU
		{919E0F43-79BD-4A2A-8952-0792D7B5186C}.Release|x86.Build.0 = Release|Any CPU
		{2EEC0C04-8C2E-42B1-A7B1-195F1A6C52D4}.Debug|Any CPU.ActiveCfg = Debug|Any CPU
		{2EEC0C04-8C2E-42B1-A7B1-195F1A6C52D4}.Debug|Any CPU.Build.0 = Debug|Any CPU
		{2EEC0C04-8C2E-42B1-A7B1-195F1A6C52D4}.Debug|x86.ActiveCfg = Debug|Any CPU
		{2EEC0C04-8C2E-42B1-A7B1-195F1A6C52D4}.Debug|x86.Build.0 = Debug|Any CPU
		{2EEC0C04-8C2E-42B1-A7B1-195F1A6C52D4}.Release|Any CPU.ActiveCfg = Release|Any CPU
		{2EEC0C04-8C2E-42B1-A7B1-195F1A6C52D4}.Release|Any CPU.Build.0 = Release|Any CPU
		{2EEC0C04-8C2E-42B1-A7B1-195F1A6C52D4}.Release|x86.ActiveCfg = Release|Any CPU
		{2EEC0C04-8C2E-42B1-A7B1-195F1A6C52D4}.Release|x86.Build.0 = Release|Any CPU
		{9DE359DC-835A-4E13-A3A4-4D668F6DB641}.Debug|Any CPU.ActiveCfg = Debug|Any CPU
		{9DE359DC-835A-4E13-A3A4-4D668F6DB641}.Debug|Any CPU.Build.0 = Debug|Any CPU
		{9DE359DC-835A-4E13-A3A4-4D668F6DB641}.Debug|x86.ActiveCfg = Debug|Any CPU
		{9DE359DC-835A-4E13-A3A4-4D668F6DB641}.Debug|x86.Build.0 = Debug|Any CPU
		{9DE359DC-835A-4E13-A3A4-4D668F6DB641}.Release|Any CPU.ActiveCfg = Release|Any CPU
		{9DE359DC-835A-4E13-A3A4-4D668F6DB641}.Release|Any CPU.Build.0 = Release|Any CPU
		{9DE359DC-835A-4E13-A3A4-4D668F6DB641}.Release|x86.ActiveCfg = Release|Any CPU
		{9DE359DC-835A-4E13-A3A4-4D668F6DB641}.Release|x86.Build.0 = Release|Any CPU
		{3C8FE45D-8700-4C63-B737-E922E8AF5A66}.Debug|Any CPU.ActiveCfg = Debug|Any CPU
		{3C8FE45D-8700-4C63-B737-E922E8AF5A66}.Debug|Any CPU.Build.0 = Debug|Any CPU
		{3C8FE45D-8700-4C63-B737-E922E8AF5A66}.Debug|x86.ActiveCfg = Debug|Any CPU
		{3C8FE45D-8700-4C63-B737-E922E8AF5A66}.Debug|x86.Build.0 = Debug|Any CPU
		{3C8FE45D-8700-4C63-B737-E922E8AF5A66}.Release|Any CPU.ActiveCfg = Release|Any CPU
		{3C8FE45D-8700-4C63-B737-E922E8AF5A66}.Release|Any CPU.Build.0 = Release|Any CPU
		{3C8FE45D-8700-4C63-B737-E922E8AF5A66}.Release|x86.ActiveCfg = Release|Any CPU
		{3C8FE45D-8700-4C63-B737-E922E8AF5A66}.Release|x86.Build.0 = Release|Any CPU
		{DB4AD9FA-D9D5-497A-B5DB-8BC75898F4EE}.Debug|Any CPU.ActiveCfg = Debug|Any CPU
		{DB4AD9FA-D9D5-497A-B5DB-8BC75898F4EE}.Debug|Any CPU.Build.0 = Debug|Any CPU
		{DB4AD9FA-D9D5-497A-B5DB-8BC75898F4EE}.Debug|x86.ActiveCfg = Debug|Any CPU
		{DB4AD9FA-D9D5-497A-B5DB-8BC75898F4EE}.Debug|x86.Build.0 = Debug|Any CPU
		{DB4AD9FA-D9D5-497A-B5DB-8BC75898F4EE}.Release|Any CPU.ActiveCfg = Release|Any CPU
		{DB4AD9FA-D9D5-497A-B5DB-8BC75898F4EE}.Release|Any CPU.Build.0 = Release|Any CPU
		{DB4AD9FA-D9D5-497A-B5DB-8BC75898F4EE}.Release|x86.ActiveCfg = Release|Any CPU
		{DB4AD9FA-D9D5-497A-B5DB-8BC75898F4EE}.Release|x86.Build.0 = Release|Any CPU
		{64F8FA04-E8AF-4787-9C70-68EF6A289D5A}.Debug|Any CPU.ActiveCfg = Debug|Any CPU
		{64F8FA04-E8AF-4787-9C70-68EF6A289D5A}.Debug|Any CPU.Build.0 = Debug|Any CPU
		{64F8FA04-E8AF-4787-9C70-68EF6A289D5A}.Debug|x86.ActiveCfg = Debug|Any CPU
		{64F8FA04-E8AF-4787-9C70-68EF6A289D5A}.Debug|x86.Build.0 = Debug|Any CPU
		{64F8FA04-E8AF-4787-9C70-68EF6A289D5A}.Release|Any CPU.ActiveCfg = Release|Any CPU
		{64F8FA04-E8AF-4787-9C70-68EF6A289D5A}.Release|Any CPU.Build.0 = Release|Any CPU
		{64F8FA04-E8AF-4787-9C70-68EF6A289D5A}.Release|x86.ActiveCfg = Release|Any CPU
		{64F8FA04-E8AF-4787-9C70-68EF6A289D5A}.Release|x86.Build.0 = Release|Any CPU
	EndGlobalSection
	GlobalSection(SolutionProperties) = preSolution
		HideSolutionNode = FALSE
	EndGlobalSection
	GlobalSection(NestedProjects) = preSolution
		{559F81B9-D1A5-45FC-AA69-E98F3B3926BB} = {FB9C017E-A47B-457A-B860-A22E607F7BDA}
		{CFFBD1C4-08B0-4367-ACAC-9FFEB0E8C498} = {11633D7A-1FCE-4BA3-A616-EBD2A5742B1D}
		{88B71811-8D21-4AD2-BB89-6B2E8913CB43} = {11633D7A-1FCE-4BA3-A616-EBD2A5742B1D}
		{919E0F43-79BD-4A2A-8952-0792D7B5186C} = {FB9C017E-A47B-457A-B860-A22E607F7BDA}
		{2EEC0C04-8C2E-42B1-A7B1-195F1A6C52D4} = {FE40DF74-77EB-454F-9CFC-1474A694C634}
		{9DE359DC-835A-4E13-A3A4-4D668F6DB641} = {FE40DF74-77EB-454F-9CFC-1474A694C634}
		{3C8FE45D-8700-4C63-B737-E922E8AF5A66} = {FE40DF74-77EB-454F-9CFC-1474A694C634}
		{DB4AD9FA-D9D5-497A-B5DB-8BC75898F4EE} = {FE40DF74-77EB-454F-9CFC-1474A694C634}
		{64F8FA04-E8AF-4787-9C70-68EF6A289D5A} = {11633D7A-1FCE-4BA3-A616-EBD2A5742B1D}
	EndGlobalSection
	GlobalSection(ExtensibilityGlobals) = postSolution
		SolutionGuid = {65AD1D82-0EF3-4020-8253-8731951B1749}
	EndGlobalSection
EndGlobal
