
Microsoft Visual Studio Solution File, Format Version 12.00
# Visual Studio Version 17
VisualStudioVersion = 17.0.31903.59
MinimumVisualStudioVersion = 10.0.40219.1
Project("{FAE04EC0-301F-11D3-BF4B-00C04F79EFBC}") = "86BoxManager", "86BoxManager\86BoxManager.csproj", "{13B92787-6C24-4460-A293-ED8672F71831}"
EndProject
Project("{FAE04EC0-301F-11D3-BF4B-00C04F79EFBC}") = "86BoxManager.API", "86BoxManager.API\86BoxManager.API.csproj", "{2CFFFBD2-3A5C-46FA-9965-CA0352A100BD}"
EndProject
Project("{FAE04EC0-301F-11D3-BF4B-00C04F79EFBC}") = "86BoxManager.Common", "86BoxManager.Common\86BoxManager.Common.csproj", "{317635C8-98DB-4101-B37F-23AD48DA250A}"
EndProject
Project("{FAE04EC0-301F-11D3-BF4B-00C04F79EFBC}") = "86BoxManager.Linux", "86BoxManager.Linux\86BoxManager.Linux.csproj", "{1233562C-FA90-484E-83F9-D2BBFF88285D}"
EndProject
Project("{FAE04EC0-301F-11D3-BF4B-00C04F79EFBC}") = "86BoxManager.Mac", "86BoxManager.Mac\86BoxManager.Mac.csproj", "{70BAA120-9871-43D3-B2C4-E505E83CAEC5}"
EndProject
Project("{FAE04EC0-301F-11D3-BF4B-00C04F79EFBC}") = "86BoxManager.Unix", "86BoxManager.Unix\86BoxManager.Unix.csproj", "{F9C4AE5B-3074-47AC-BB7E-B0E949E1F0DF}"
EndProject
Project("{FAE04EC0-301F-11D3-BF4B-00C04F79EFBC}") = "86BoxManager.Windows", "86BoxManager.Windows\86BoxManager.Windows.csproj", "{2A2D851C-A3F8-4BC7-9390-5BD24F66B557}"
EndProject
Global
	GlobalSection(SolutionConfigurationPlatforms) = preSolution
		Debug|Any CPU = Debug|Any CPU
		Release|Any CPU = Release|Any CPU
	EndGlobalSection
	GlobalSection(SolutionProperties) = preSolution
		HideSolutionNode = FALSE
	EndGlobalSection
	GlobalSection(ProjectConfigurationPlatforms) = postSolution
		{13B92787-6C24-4460-A293-ED8672F71831}.Debug|Any CPU.ActiveCfg = Debug|Any CPU
		{13B92787-6C24-4460-A293-ED8672F71831}.Debug|Any CPU.Build.0 = Debug|Any CPU
		{13B92787-6C24-4460-A293-ED8672F71831}.Release|Any CPU.ActiveCfg = Release|Any CPU
		{13B92787-6C24-4460-A293-ED8672F71831}.Release|Any CPU.Build.0 = Release|Any CPU
		{2CFFFBD2-3A5C-46FA-9965-CA0352A100BD}.Debug|Any CPU.ActiveCfg = Debug|Any CPU
		{2CFFFBD2-3A5C-46FA-9965-CA0352A100BD}.Debug|Any CPU.Build.0 = Debug|Any CPU
		{2CFFFBD2-3A5C-46FA-9965-CA0352A100BD}.Release|Any CPU.ActiveCfg = Release|Any CPU
		{2CFFFBD2-3A5C-46FA-9965-CA0352A100BD}.Release|Any CPU.Build.0 = Release|Any CPU
		{317635C8-98DB-4101-B37F-23AD48DA250A}.Debug|Any CPU.ActiveCfg = Debug|Any CPU
		{317635C8-98DB-4101-B37F-23AD48DA250A}.Debug|Any CPU.Build.0 = Debug|Any CPU
		{317635C8-98DB-4101-B37F-23AD48DA250A}.Release|Any CPU.ActiveCfg = Release|Any CPU
		{317635C8-98DB-4101-B37F-23AD48DA250A}.Release|Any CPU.Build.0 = Release|Any CPU
		{1233562C-FA90-484E-83F9-D2BBFF88285D}.Debug|Any CPU.ActiveCfg = Debug|Any CPU
		{1233562C-FA90-484E-83F9-D2BBFF88285D}.Debug|Any CPU.Build.0 = Debug|Any CPU
		{1233562C-FA90-484E-83F9-D2BBFF88285D}.Release|Any CPU.ActiveCfg = Release|Any CPU
		{1233562C-FA90-484E-83F9-D2BBFF88285D}.Release|Any CPU.Build.0 = Release|Any CPU
		{70BAA120-9871-43D3-B2C4-E505E83CAEC5}.Debug|Any CPU.ActiveCfg = Debug|Any CPU
		{70BAA120-9871-43D3-B2C4-E505E83CAEC5}.Debug|Any CPU.Build.0 = Debug|Any CPU
		{70BAA120-9871-43D3-B2C4-E505E83CAEC5}.Release|Any CPU.ActiveCfg = Release|Any CPU
		{70BAA120-9871-43D3-B2C4-E505E83CAEC5}.Release|Any CPU.Build.0 = Release|Any CPU
		{F9C4AE5B-3074-47AC-BB7E-B0E949E1F0DF}.Debug|Any CPU.ActiveCfg = Debug|Any CPU
		{F9C4AE5B-3074-47AC-BB7E-B0E949E1F0DF}.Debug|Any CPU.Build.0 = Debug|Any CPU
		{F9C4AE5B-3074-47AC-BB7E-B0E949E1F0DF}.Release|Any CPU.ActiveCfg = Release|Any CPU
		{F9C4AE5B-3074-47AC-BB7E-B0E949E1F0DF}.Release|Any CPU.Build.0 = Release|Any CPU
		{2A2D851C-A3F8-4BC7-9390-5BD24F66B557}.Debug|Any CPU.ActiveCfg = Debug|Any CPU
		{2A2D851C-A3F8-4BC7-9390-5BD24F66B557}.Debug|Any CPU.Build.0 = Debug|Any CPU
		{2A2D851C-A3F8-4BC7-9390-5BD24F66B557}.Release|Any CPU.ActiveCfg = Release|Any CPU
		{2A2D851C-A3F8-4BC7-9390-5BD24F66B557}.Release|Any CPU.Build.0 = Release|Any CPU
	EndGlobalSection
EndGlobal
